
Microsoft Visual Studio Solution File, Format Version 12.00
# Visual Studio 15
Project("{FAE04EC0-301F-11D3-BF4B-00C04F79EFBC}") = "Bicycle2", "Bicycle2.csproj", "{C344B6D2-EB96-8FAD-70E5-B8F43E679CFC}"
EndProject
Project("{FAE04EC0-301F-11D3-BF4B-00C04F79EFBC}") = "Bicycle2.Plugins", "Bicycle2.Plugins.csproj", "{4ABC87E6-BC54-46E5-E2B8-9ACFAC4DA47C}"
EndProject
Global
	GlobalSection(SolutionConfigurationPlatforms) = preSolution
		Debug|Any CPU = Debug|Any CPU
		Release|Any CPU = Release|Any CPU
	EndGlobalSection
	GlobalSection(ProjectConfigurationPlatforms) = postSolution
		{C344B6D2-EB96-8FAD-70E5-B8F43E679CFC}.Debug|Any CPU.ActiveCfg = Debug|Any CPU
		{C344B6D2-EB96-8FAD-70E5-B8F43E679CFC}.Debug|Any CPU.Build.0 = Debug|Any CPU
		{C344B6D2-EB96-8FAD-70E5-B8F43E679CFC}.Release|Any CPU.ActiveCfg = Release|Any CPU
		{C344B6D2-EB96-8FAD-70E5-B8F43E679CFC}.Release|Any CPU.Build.0 = Release|Any CPU
		{4ABC87E6-BC54-46E5-E2B8-9ACFAC4DA47C}.Debug|Any CPU.ActiveCfg = Debug|Any CPU
		{4ABC87E6-BC54-46E5-E2B8-9ACFAC4DA47C}.Debug|Any CPU.Build.0 = Debug|Any CPU
		{4ABC87E6-BC54-46E5-E2B8-9ACFAC4DA47C}.Release|Any CPU.ActiveCfg = Release|Any CPU
		{4ABC87E6-BC54-46E5-E2B8-9ACFAC4DA47C}.Release|Any CPU.Build.0 = Release|Any CPU
	EndGlobalSection
	GlobalSection(SolutionProperties) = preSolution
		HideSolutionNode = FALSE
	EndGlobalSection
EndGlobal
