
Microsoft Visual Studio Solution File, Format Version 11.00
# Visual Studio 2010
Project("{FAE04EC0-301F-11D3-BF4B-00C04F79EFBC}") = "Bicycle", "Assembly-CSharp.csproj", "{3C00557B-1CC9-2C51-1F7B-078B8BDF7B6A}"
EndProject
Project("{FAE04EC0-301F-11D3-BF4B-00C04F79EFBC}") = "Bicycle", "Assembly-CSharp-firstpass.csproj", "{7872C005-76DE-3E42-2220-ABEC532C7269}"
EndProject
Global
	GlobalSection(SolutionConfigurationPlatforms) = preSolution
		Debug|Any CPU = Debug|Any CPU
		Release|Any CPU = Release|Any CPU
	EndGlobalSection
	GlobalSection(ProjectConfigurationPlatforms) = postSolution
		{3C00557B-1CC9-2C51-1F7B-078B8BDF7B6A}.Debug|Any CPU.ActiveCfg = Debug|Any CPU
		{3C00557B-1CC9-2C51-1F7B-078B8BDF7B6A}.Debug|Any CPU.Build.0 = Debug|Any CPU
		{3C00557B-1CC9-2C51-1F7B-078B8BDF7B6A}.Release|Any CPU.ActiveCfg = Release|Any CPU
		{3C00557B-1CC9-2C51-1F7B-078B8BDF7B6A}.Release|Any CPU.Build.0 = Release|Any CPU
		{7872C005-76DE-3E42-2220-ABEC532C7269}.Debug|Any CPU.ActiveCfg = Debug|Any CPU
		{7872C005-76DE-3E42-2220-ABEC532C7269}.Debug|Any CPU.Build.0 = Debug|Any CPU
		{7872C005-76DE-3E42-2220-ABEC532C7269}.Release|Any CPU.ActiveCfg = Release|Any CPU
		{7872C005-76DE-3E42-2220-ABEC532C7269}.Release|Any CPU.Build.0 = Release|Any CPU
	EndGlobalSection
	GlobalSection(SolutionProperties) = preSolution
		HideSolutionNode = FALSE
	EndGlobalSection
	GlobalSection(MonoDevelopProperties) = preSolution
		StartupItem = Assembly-CSharp.csproj
	EndGlobalSection
EndGlobal
